
Microsoft Visual Studio Solution File, Format Version 12.00
# Visual Studio Version 17
VisualStudioVersion = 17.0.32014.148
MinimumVisualStudioVersion = 10.0.40219.1
Project("{8BC9CEB8-8B4A-11D0-8D11-00A0C91BC942}") = "Project1", "Project1\Project1.vcxproj", "{FD736A53-8937-4AE0-9A01-777B0AEEB524}"
EndProject
Global
	GlobalSection(SolutionConfigurationPlatforms) = preSolution
		Debug|x64 = Debug|x64
		Debug|x86 = Debug|x86
		Release|x64 = Release|x64
		Release|x86 = Release|x86
	EndGlobalSection
	GlobalSection(ProjectConfigurationPlatforms) = postSolution
		{FD736A53-8937-4AE0-9A01-777B0AEEB524}.Debug|x64.ActiveCfg = Debug|x64
		{FD736A53-8937-4AE0-9A01-777B0AEEB524}.Debug|x64.Build.0 = Debug|x64
		{FD736A53-8937-4AE0-9A01-777B0AEEB524}.Debug|x86.ActiveCfg = Debug|Win32
		{FD736A53-8937-4AE0-9A01-777B0AEEB524}.Debug|x86.Build.0 = Debug|Win32
		{FD736A53-8937-4AE0-9A01-777B0AEEB524}.Release|x64.ActiveCfg = Release|x64
		{FD736A53-8937-4AE0-9A01-777B0AEEB524}.Release|x64.Build.0 = Release|x64
		{FD736A53-8937-4AE0-9A01-777B0AEEB524}.Release|x86.ActiveCfg = Release|Win32
		{FD736A53-8937-4AE0-9A01-777B0AEEB524}.Release|x86.Build.0 = Release|Win32
	EndGlobalSection
	GlobalSection(SolutionProperties) = preSolution
		HideSolutionNode = FALSE
	EndGlobalSection
	GlobalSection(ExtensibilityGlobals) = postSolution
		SolutionGuid = {CA2E7C9D-56C0-4E87-B28C-8D611EA0F468}
	EndGlobalSection
EndGlobal
